
Microsoft Visual Studio Solution File, Format Version 12.00
# Visual Studio Version 17
VisualStudioVersion = 17.6.33815.320
MinimumVisualStudioVersion = 10.0.40219.1
Project("{FAE04EC0-301F-11D3-BF4B-00C04F79EFBC}") = "APIPagamento", "APIPagamento\APIPagamento.csproj", "{80768F59-1326-4A0B-979F-5C35E5D28CDE}"
EndProject
Global
	GlobalSection(SolutionConfigurationPlatforms) = preSolution
		Debug|Any CPU = Debug|Any CPU
		Release|Any CPU = Release|Any CPU
	EndGlobalSection
	GlobalSection(ProjectConfigurationPlatforms) = postSolution
		{80768F59-1326-4A0B-979F-5C35E5D28CDE}.Debug|Any CPU.ActiveCfg = Debug|Any CPU
		{80768F59-1326-4A0B-979F-5C35E5D28CDE}.Debug|Any CPU.Build.0 = Debug|Any CPU
		{80768F59-1326-4A0B-979F-5C35E5D28CDE}.Release|Any CPU.ActiveCfg = Release|Any CPU
		{80768F59-1326-4A0B-979F-5C35E5D28CDE}.Release|Any CPU.Build.0 = Release|Any CPU
	EndGlobalSection
	GlobalSection(SolutionProperties) = preSolution
		HideSolutionNode = FALSE
	EndGlobalSection
	GlobalSection(ExtensibilityGlobals) = postSolution
		SolutionGuid = {0C688C92-EA79-4E19-836E-B8A443AD4455}
	EndGlobalSection
EndGlobal
